
Microsoft Visual Studio Solution File, Format Version 12.00
# Visual Studio Version 17
VisualStudioVersion = 17.0.32112.339
MinimumVisualStudioVersion = 10.0.40219.1
Project("{9A19103F-16F7-4668-BE54-9A1E7A4F7556}") = "WPFGameTest", "WPFGameTest\WPFGameTest.csproj", "{810DE979-DCAC-4DF1-B351-1D58F5417DAE}"
EndProject
Global
	GlobalSection(SolutionConfigurationPlatforms) = preSolution
		Debug|Any CPU = Debug|Any CPU
		Release|Any CPU = Release|Any CPU
	EndGlobalSection
	GlobalSection(ProjectConfigurationPlatforms) = postSolution
		{810DE979-DCAC-4DF1-B351-1D58F5417DAE}.Debug|Any CPU.ActiveCfg = Debug|Any CPU
		{810DE979-DCAC-4DF1-B351-1D58F5417DAE}.Debug|Any CPU.Build.0 = Debug|Any CPU
		{810DE979-DCAC-4DF1-B351-1D58F5417DAE}.Release|Any CPU.ActiveCfg = Release|Any CPU
		{810DE979-DCAC-4DF1-B351-1D58F5417DAE}.Release|Any CPU.Build.0 = Release|Any CPU
	EndGlobalSection
	GlobalSection(SolutionProperties) = preSolution
		HideSolutionNode = FALSE
	EndGlobalSection
	GlobalSection(ExtensibilityGlobals) = postSolution
		SolutionGuid = {E0845C2C-D4C2-4596-9E8F-A5C1D16CB271}
	EndGlobalSection
EndGlobal
